
Microsoft Visual Studio Solution File, Format Version 12.00
# Visual Studio 15
VisualStudioVersion = 15.0.28307.1433
MinimumVisualStudioVersion = 10.0.40219.1
Project("{FAE04EC0-301F-11D3-BF4B-00C04F79EFBC}") = "WebApplication1", "WebApplication1\WebApplication1.csproj", "{A01E7F13-78E0-4335-A015-82BBED3AC04F}"
EndProject
Global
	GlobalSection(SolutionConfigurationPlatforms) = preSolution
		Debug|Any CPU = Debug|Any CPU
		Release|Any CPU = Release|Any CPU
	EndGlobalSection
	GlobalSection(ProjectConfigurationPlatforms) = postSolution
		{A01E7F13-78E0-4335-A015-82BBED3AC04F}.Debug|Any CPU.ActiveCfg = Debug|Any CPU
		{A01E7F13-78E0-4335-A015-82BBED3AC04F}.Debug|Any CPU.Build.0 = Debug|Any CPU
		{A01E7F13-78E0-4335-A015-82BBED3AC04F}.Release|Any CPU.ActiveCfg = Release|Any CPU
		{A01E7F13-78E0-4335-A015-82BBED3AC04F}.Release|Any CPU.Build.0 = Release|Any CPU
	EndGlobalSection
	GlobalSection(SolutionProperties) = preSolution
		HideSolutionNode = FALSE
	EndGlobalSection
	GlobalSection(ExtensibilityGlobals) = postSolution
		SolutionGuid = {83045D69-CFC1-45EE-BF68-DA451D68DC5F}
	EndGlobalSection
EndGlobal
